# THIS IS AN AUTOGENERATED FILE. DO NOT EDIT THIS FILE DIRECTLY.
# yarn lockfile v1


axios@^0.26.1:
  version "0.26.1"
  resolved "https://registry.npmjs.org/axios/-/axios-0.26.1.tgz"
  integrity sha512-fPwcX4EvnSHuInCMItEhAGnaSEXRBjtzh9fOtsE6E1G6p7vl7edEeZe11QHf18+6+9gR5PbKV/sGKNaD8YaMeA==
  dependencies:
    follow-redirects "^1.14.8"

follow-redirects@^1.14.8:
  version "1.14.9"
  resolved "https://registry.npmjs.org/follow-redirects/-/follow-redirects-1.14.9.tgz"
  integrity sha512-MQDfihBQYMcyy5dhRDJUHcw7lb2Pv/TuE6xP1vyraLukNDHKbDxDNaOE3NbCAdKQApno+GPRyo1YAp89yCjK4w==

papaparse@^5.3.1:
  version "5.3.1"
  resolved "https://registry.npmjs.org/papaparse/-/papaparse-5.3.1.tgz"
  integrity sha512-Dbt2yjLJrCwH2sRqKFFJaN5XgIASO9YOFeFP8rIBRG2Ain8mqk5r1M6DkfvqEVozVcz3r3HaUGw253hA1nLIcA==

radio-buttons-react-native@^1.0.4:
  version "1.0.4"
  resolved "https://registry.npmjs.org/radio-buttons-react-native/-/radio-buttons-react-native-1.0.4.tgz"
  integrity sha512-5AKM/p3a9mykQ1BCIbBnHrDwXZZ6iJuDEDFaiNb2Pa2Nx9EgUMgU5owcrU9g9eaK7didA5rJ3yAUKGnyfhBqcw==

react-scroll-to-top@^1.0.5:
  version "1.0.5"
  resolved "https://registry.npmjs.org/react-scroll-to-top/-/react-scroll-to-top-1.0.5.tgz"
  integrity sha512-e7n5LJXpUG9/gnHMHqrGY2UBebpqVaPpAnF4kLuR/e+SRtAGr+4UStvGsCiv6XBOC+dRyTe7ZbjdV9FaPdgUfg==
